{
  "projects": [
    {
      "projectId": "ujjYdWMUfC69RDjGJ3P7gT",
      "version": "latest",
      "dependencies": {},
      "lang": "ts",
      "fileLocks": [
        {
          "type": "globalVariant",
          "assetId": "p0F0l8XmfMu",
          "checksum": "37548a4eab13bb3df9a26af28d881f8f"
        },
        {
          "assetId": "ujjYdWMUfC69RDjGJ3P7gT",
          "type": "projectCss",
          "checksum": "e0bc73816bdc0a91339c68762038b261"
        },
        {
          "type": "renderModule",
          "assetId": "DJPEr2rjr-",
          "checksum": "d3431e5f04da0171a5662ce50bd10758"
        },
        {
          "type": "cssRules",
          "assetId": "DJPEr2rjr-",
          "checksum": "d3431e5f04da0171a5662ce50bd10758"
        },
        {
          "type": "renderModule",
          "assetId": "JMDo9WR11mn",
          "checksum": "117600543f5673cff240a3c6f7d120f6"
        },
        {
          "type": "cssRules",
          "assetId": "JMDo9WR11mn",
          "checksum": "117600543f5673cff240a3c6f7d120f6"
        },
        {
          "type": "renderModule",
          "assetId": "aY8ysst3jje",
          "checksum": "bcc07a45994be791fbc875764ea3f55d"
        },
        {
          "type": "cssRules",
          "assetId": "aY8ysst3jje",
          "checksum": "bcc07a45994be791fbc875764ea3f55d"
        },
        {
          "type": "renderModule",
          "assetId": "N2R21VwUsi2",
          "checksum": "1ca212ff7c6a006e54b0d45d3becd52c"
        },
        {
          "type": "cssRules",
          "assetId": "N2R21VwUsi2",
          "checksum": "1ca212ff7c6a006e54b0d45d3becd52c"
        },
        {
          "type": "renderModule",
          "assetId": "kx5NwH8Zc5J",
          "checksum": "bcc0c27b34f23ab294853e4bef8a8fa3"
        },
        {
          "type": "cssRules",
          "assetId": "kx5NwH8Zc5J",
          "checksum": "bcc0c27b34f23ab294853e4bef8a8fa3"
        },
        {
          "type": "renderModule",
          "assetId": "dsvCyR9cW7T",
          "checksum": "99ac1f47621c7ba4714577882697c371"
        },
        {
          "type": "cssRules",
          "assetId": "dsvCyR9cW7T",
          "checksum": "99ac1f47621c7ba4714577882697c371"
        },
        {
          "type": "renderModule",
          "assetId": "IhqKTaKPhj",
          "checksum": "68124deb91a8171e52ea6641f7e75eed"
        },
        {
          "type": "cssRules",
          "assetId": "IhqKTaKPhj",
          "checksum": "68124deb91a8171e52ea6641f7e75eed"
        },
        {
          "type": "renderModule",
          "assetId": "9S3piU8qHY8",
          "checksum": "5aff10d01deaafce3dcb3ced95327b70"
        },
        {
          "type": "cssRules",
          "assetId": "9S3piU8qHY8",
          "checksum": "5aff10d01deaafce3dcb3ced95327b70"
        },
        {
          "type": "renderModule",
          "assetId": "FQfuE_bu4a6",
          "checksum": "51ebe06f30caf435db659eabb6a07215"
        },
        {
          "type": "cssRules",
          "assetId": "FQfuE_bu4a6",
          "checksum": "51ebe06f30caf435db659eabb6a07215"
        },
        {
          "type": "icon",
          "assetId": "Id3DcN8sRuT",
          "checksum": "ccb9738495219a22e2992092783a00e9"
        },
        {
          "type": "icon",
          "assetId": "Uw9-uvLjKv8",
          "checksum": "eb887e8bb758228dfd3d9565a8e12528"
        },
        {
          "type": "icon",
          "assetId": "hdM95WqdRCh",
          "checksum": "5982543bdb7c546bfd9becbdcec9c4b8"
        },
        {
          "type": "icon",
          "assetId": "xrMxc5POmZ-",
          "checksum": "f09e06f09fd02ca20b050bc2e69042a7"
        },
        {
          "type": "icon",
          "assetId": "Rf5v-YEDGCZ",
          "checksum": "7ab758916861fadf7ed7b9d75ac41ae0"
        },
        {
          "type": "icon",
          "assetId": "Ov0omtaDLNI",
          "checksum": "b2b8ce8ce1d2af9758c92fe204044ce5"
        },
        {
          "type": "icon",
          "assetId": "FjbSosPPk1e",
          "checksum": "43de6be13faea1d6f23cdb31c1d26674"
        },
        {
          "type": "icon",
          "assetId": "yoLHiFnzx3K",
          "checksum": "a8c0aac664196c6deaed334d78b04820"
        },
        {
          "type": "icon",
          "assetId": "D3fPqfO2CRl",
          "checksum": "8f7e6fa0f0c6f72f9f27a3d409393d0c"
        },
        {
          "type": "icon",
          "assetId": "EPYX2Wrt5",
          "checksum": "a7730f604810176ba1ab30ff13430e94"
        },
        {
          "type": "icon",
          "assetId": "emdl2zFGL",
          "checksum": "3f8ed9a801f08e2ef86d12f5ef2f6f5d"
        },
        {
          "type": "icon",
          "assetId": "rE-ItDvC1b",
          "checksum": "f9206dcd97a5acfa3178b7ac0658419d"
        },
        {
          "type": "icon",
          "assetId": "DC-l7hdPE",
          "checksum": "6bc4122ec9d5473fe4dc7604cf205ca8"
        },
        {
          "type": "icon",
          "assetId": "Oh3QK7JZTP",
          "checksum": "284172b6eebac44a194c52ca508c072c"
        }
      ]
    }
  ],
  "cliVersion": "0.1.167"
}
